// !$*UTF8*$!
{
	archiveVersion = 1;
	classes = {
	};
	objectVersion = 50;
	objects = {

/* Begin PBXBuildFile section */
		431A41D724792F2300AF1E56 /* AppDelegate.swift in Sources */ = {isa = PBXBuildFile; fileRef = 431A41D624792F2300AF1E56 /* AppDelegate.swift */; };
		431A41D924792F2300AF1E56 /* SceneDelegate.swift in Sources */ = {isa = PBXBuildFile; fileRef = 431A41D824792F2300AF1E56 /* SceneDelegate.swift */; };
		431A41DB24792F2300AF1E56 /* ViewController.swift in Sources */ = {isa = PBXBuildFile; fileRef = 431A41DA24792F2300AF1E56 /* ViewController.swift */; };
		431A41DE24792F2300AF1E56 /* Main.storyboard in Resources */ = {isa = PBXBuildFile; fileRef = 431A41DC24792F2300AF1E56 /* Main.storyboard */; };
		431A41E024792F2500AF1E56 /* Assets.xcassets in Resources */ = {isa = PBXBuildFile; fileRef = 431A41DF24792F2500AF1E56 /* Assets.xcassets */; };
		431A41E324792F2500AF1E56 /* LaunchScreen.storyboard in Resources */ = {isa = PBXBuildFile; fileRef = 431A41E124792F2500AF1E56 /* LaunchScreen.storyboard */; };
		431A41EE24792F2500AF1E56 /* CurrensysTests.swift in Sources */ = {isa = PBXBuildFile; fileRef = 431A41ED24792F2500AF1E56 /* CurrensysTests.swift */; };
		431A41F924792F2500AF1E56 /* CurrensysUITests.swift in Sources */ = {isa = PBXBuildFile; fileRef = 431A41F824792F2500AF1E56 /* CurrensysUITests.swift */; };
/* End PBXBuildFile section */

/* Begin PBXContainerItemProxy section */
		431A41EA24792F2500AF1E56 /* PBXContainerItemProxy */ = {
			isa = PBXContainerItemProxy;
			containerPortal = 431A41CB24792F2300AF1E56 /* Project object */;
			proxyType = 1;
			remoteGlobalIDString = 431A41D224792F2300AF1E56;
			remoteInfo = Currensys;
		};
		431A41F524792F2500AF1E56 /* PBXContainerItemProxy */ = {
			isa = PBXContainerItemProxy;
			containerPortal = 431A41CB24792F2300AF1E56 /* Project object */;
			proxyType = 1;
			remoteGlobalIDString = 431A41D224792F2300AF1E56;
			remoteInfo = Currensys;
		};
/* End PBXContainerItemProxy section */

/* Begin PBXFileReference section */
		431A41D324792F2300AF1E56 /* Currensys.app */ = {isa = PBXFileReference; explicitFileType = wrapper.application; includeInIndex = 0; path = Currensys.app; sourceTree = BUILT_PRODUCTS_DIR; };
		431A41D624792F2300AF1E56 /* AppDelegate.swift */ = {isa = PBXFileReference; lastKnownFileType = sourcecode.swift; path = AppDelegate.swift; sourceTree = "<group>"; };
		431A41D824792F2300AF1E56 /* SceneDelegate.swift */ = {isa = PBXFileReference; lastKnownFileType = sourcecode.swift; path = SceneDelegate.swift; sourceTree = "<group>"; };
		431A41DA24792F2300AF1E56 /* ViewController.swift */ = {isa = PBXFileReference; lastKnownFileType = sourcecode.swift; path = ViewController.swift; sourceTree = "<group>"; };
		431A41DD24792F2300AF1E56 /* Base */ = {isa = PBXFileReference; lastKnownFileType = file.storyboard; name = Base; path = Base.lproj/Main.storyboard; sourceTree = "<group>"; };
		431A41DF24792F2500AF1E56 /* Assets.xcassets */ = {isa = PBXFileReference; lastKnownFileType = folder.assetcatalog; path = Assets.xcassets; sourceTree = "<group>"; };
		431A41E224792F2500AF1E56 /* Base */ = {isa = PBXFileReference; lastKnownFileType = file.storyboard; name = Base; path = Base.lproj/LaunchScreen.storyboard; sourceTree = "<group>"; };
		431A41E424792F2500AF1E56 /* Info.plist */ = {isa = PBXFileReference; lastKnownFileType = text.plist.xml; path = Info.plist; sourceTree = "<group>"; };
		431A41E924792F2500AF1E56 /* CurrensysTests.xctest */ = {isa = PBXFileReference; explicitFileType = wrapper.cfbundle; includeInIndex = 0; path = CurrensysTests.xctest; sourceTree = BUILT_PRODUCTS_DIR; };
		431A41ED24792F2500AF1E56 /* CurrensysTests.swift */ = {isa = PBXFileReference; lastKnownFileType = sourcecode.swift; path = CurrensysTests.swift; sourceTree = "<group>"; };
		431A41EF24792F2500AF1E56 /* Info.plist */ = {isa = PBXFileReference; lastKnownFileType = text.plist.xml; path = Info.plist; sourceTree = "<group>"; };
		431A41F424792F2500AF1E56 /* CurrensysUITests.xctest */ = {isa = PBXFileReference; explicitFileType = wrapper.cfbundle; includeInIndex = 0; path = CurrensysUITests.xctest; sourceTree = BUILT_PRODUCTS_DIR; };
		431A41F824792F2500AF1E56 /* CurrensysUITests.swift */ = {isa = PBXFileReference; lastKnownFileType = sourcecode.swift; path = CurrensysUITests.swift; sourceTree = "<group>"; };
		431A41FA24792F2600AF1E56 /* Info.plist */ = {isa = PBXFileReference; lastKnownFileType = text.plist.xml; path = Info.plist; sourceTree = "<group>"; };
/* End PBXFileReference section */

/* Begin PBXFrameworksBuildPhase section */
		431A41D024792F2300AF1E56 /* Frameworks */ = {
			isa = PBXFrameworksBuildPhase;
			buildActionMask = 2147483647;
			files = (
			);
			runOnlyForDeploymentPostprocessing = 0;
		};
		431A41E624792F2500AF1E56 /* Frameworks */ = {
			isa = PBXFrameworksBuildPhase;
			buildActionMask = 2147483647;
			files = (
			);
			runOnlyForDeploymentPostprocessing = 0;
		};
		431A41F124792F2500AF1E56 /* Frameworks */ = {
			isa = PBXFrameworksBuildPhase;
			buildActionMask = 2147483647;
			files = (
			);
			runOnlyForDeploymentPostprocessing = 0;
		};
/* End PBXFrameworksBuildPhase section */

/* Begin PBXGroup section */
		431A41CA24792F2300AF1E56 = {
			isa = PBXGroup;
			children = (
				431A41D524792F2300AF1E56 /* Currensys */,
				431A41EC24792F2500AF1E56 /* CurrensysTests */,
				431A41F724792F2500AF1E56 /* CurrensysUITests */,
				431A41D424792F2300AF1E56 /* Products */,
			);
			sourceTree = "<group>";
		};
		431A41D424792F2300AF1E56 /* Products */ = {
			isa = PBXGroup;
			children = (
				431A41D324792F2300AF1E56 /* Currensys.app */,
				431A41E924792F2500AF1E56 /* CurrensysTests.xctest */,
				431A41F424792F2500AF1E56 /* CurrensysUITests.xctest */,
			);
			name = Products;
			sourceTree = "<group>";
		};
		431A41D524792F2300AF1E56 /* Currensys */ = {
			isa = PBXGroup;
			children = (
				431A41D624792F2300AF1E56 /* AppDelegate.swift */,
				431A41D824792F2300AF1E56 /* SceneDelegate.swift */,
				431A41DA24792F2300AF1E56 /* ViewController.swift */,
				431A41DC24792F2300AF1E56 /* Main.storyboard */,
				431A41DF24792F2500AF1E56 /* Assets.xcassets */,
				431A41E124792F2500AF1E56 /* LaunchScreen.storyboard */,
				431A41E424792F2500AF1E56 /* Info.plist */,
			);
			path = Currensys;
			sourceTree = "<group>";
		};
		431A41EC24792F2500AF1E56 /* CurrensysTests */ = {
			isa = PBXGroup;
			children = (
				431A41ED24792F2500AF1E56 /* CurrensysTests.swift */,
				431A41EF24792F2500AF1E56 /* Info.plist */,
			);
			path = CurrensysTests;
			sourceTree = "<group>";
		};
		431A41F724792F2500AF1E56 /* CurrensysUITests */ = {
			isa = PBXGroup;
			children = (
				431A41F824792F2500AF1E56 /* CurrensysUITests.swift */,
				431A41FA24792F2600AF1E56 /* Info.plist */,
			);
			path = CurrensysUITests;
			sourceTree = "<group>";
		};
/* End PBXGroup section */

/* Begin PBXNativeTarget section */
		431A41D224792F2300AF1E56 /* Currensys */ = {
			isa = PBXNativeTarget;
			buildConfigurationList = 431A41FD24792F2600AF1E56 /* Build configuration list for PBXNativeTarget "Currensys" */;
			buildPhases = (
				431A41CF24792F2300AF1E56 /* Sources */,
				431A41D024792F2300AF1E56 /* Frameworks */,
				431A41D124792F2300AF1E56 /* Resources */,
			);
			buildRules = (
			);
			dependencies = (
			);
			name = Currensys;
			productName = Currensys;
			productReference = 431A41D324792F2300AF1E56 /* Currensys.app */;
			productType = "com.apple.product-type.application";
		};
		431A41E824792F2500AF1E56 /* CurrensysTests */ = {
			isa = PBXNativeTarget;
			buildConfigurationList = 431A420024792F2600AF1E56 /* Build configuration list for PBXNativeTarget "CurrensysTests" */;
			buildPhases = (
				431A41E524792F2500AF1E56 /* Sources */,
				431A41E624792F2500AF1E56 /* Frameworks */,
				431A41E724792F2500AF1E56 /* Resources */,
			);
			buildRules = (
			);
			dependencies = (
				431A41EB24792F2500AF1E56 /* PBXTargetDependency */,
			);
			name = CurrensysTests;
			productName = CurrensysTests;
			productReference = 431A41E924792F2500AF1E56 /* CurrensysTests.xctest */;
			productType = "com.apple.product-type.bundle.unit-test";
		};
		431A41F324792F2500AF1E56 /* CurrensysUITests */ = {
			isa = PBXNativeTarget;
			buildConfigurationList = 431A420324792F2600AF1E56 /* Build configuration list for PBXNativeTarget "CurrensysUITests" */;
			buildPhases = (
				431A41F024792F2500AF1E56 /* Sources */,
				431A41F124792F2500AF1E56 /* Frameworks */,
				431A41F224792F2500AF1E56 /* Resources */,
			);
			buildRules = (
			);
			dependencies = (
				431A41F624792F2500AF1E56 /* PBXTargetDependency */,
			);
			name = CurrensysUITests;
			productName = CurrensysUITests;
			productReference = 431A41F424792F2500AF1E56 /* CurrensysUITests.xctest */;
			productType = "com.apple.product-type.bundle.ui-testing";
		};
/* End PBXNativeTarget section */

/* Begin PBXProject section */
		431A41CB24792F2300AF1E56 /* Project object */ = {
			isa = PBXProject;
			attributes = {
				LastSwiftUpdateCheck = 1150;
				LastUpgradeCheck = 1150;
				ORGANIZATIONNAME = "Tomas Jelinek";
				TargetAttributes = {
					431A41D224792F2300AF1E56 = {
						CreatedOnToolsVersion = 11.5;
					};
					431A41E824792F2500AF1E56 = {
						CreatedOnToolsVersion = 11.5;
						TestTargetID = 431A41D224792F2300AF1E56;
					};
					431A41F324792F2500AF1E56 = {
						CreatedOnToolsVersion = 11.5;
						TestTargetID = 431A41D224792F2300AF1E56;
					};
				};
			};
			buildConfigurationList = 431A41CE24792F2300AF1E56 /* Build configuration list for PBXProject "Currensys" */;
			compatibilityVersion = "Xcode 9.3";
			developmentRegion = en;
			hasScannedForEncodings = 0;
			knownRegions = (
				en,
				Base,
			);
			mainGroup = 431A41CA24792F2300AF1E56;
			productRefGroup = 431A41D424792F2300AF1E56 /* Products */;
			projectDirPath = "";
			projectRoot = "";
			targets = (
				431A41D224792F2300AF1E56 /* Currensys */,
				431A41E824792F2500AF1E56 /* CurrensysTests */,
				431A41F324792F2500AF1E56 /* CurrensysUITests */,
			);
		};
/* End PBXProject section */

/* Begin PBXResourcesBuildPhase section */
		431A41D124792F2300AF1E56 /* Resources */ = {
			isa = PBXResourcesBuildPhase;
			buildActionMask = 2147483647;
			files = (
				431A41E324792F2500AF1E56 /* LaunchScreen.storyboard in Resources */,
				431A41E024792F2500AF1E56 /* Assets.xcassets in Resources */,
				431A41DE24792F2300AF1E56 /* Main.storyboard in Resources */,
			);
			runOnlyForDeploymentPostprocessing = 0;
		};
		431A41E724792F2500AF1E56 /* Resources */ = {
			isa = PBXResourcesBuildPhase;
			buildActionMask = 2147483647;
			files = (
			);
			runOnlyForDeploymentPostprocessing = 0;
		};
		431A41F224792F2500AF1E56 /* Resources */ = {
			isa = PBXResourcesBuildPhase;
			buildActionMask = 2147483647;
			files = (
			);
			runOnlyForDeploymentPostprocessing = 0;
		};
/* End PBXResourcesBuildPhase section */

/* Begin PBXSourcesBuildPhase section */
		431A41CF24792F2300AF1E56 /* Sources */ = {
			isa = PBXSourcesBuildPhase;
			buildActionMask = 2147483647;
			files = (
				431A41DB24792F2300AF1E56 /* ViewController.swift in Sources */,
				431A41D724792F2300AF1E56 /* AppDelegate.swift in Sources */,
				431A41D924792F2300AF1E56 /* SceneDelegate.swift in Sources */,
			);
			runOnlyForDeploymentPostprocessing = 0;
		};
		431A41E524792F2500AF1E56 /* Sources */ = {
			isa = PBXSourcesBuildPhase;
			buildActionMask = 2147483647;
			files = (
				431A41EE24792F2500AF1E56 /* CurrensysTests.swift in Sources */,
			);
			runOnlyForDeploymentPostprocessing = 0;
		};
		431A41F024792F2500AF1E56 /* Sources */ = {
			isa = PBXSourcesBuildPhase;
			buildActionMask = 2147483647;
			files = (
				431A41F924792F2500AF1E56 /* CurrensysUITests.swift in Sources */,
			);
			runOnlyForDeploymentPostprocessing = 0;
		};
/* End PBXSourcesBuildPhase section */

/* Begin PBXTargetDependency section */
		431A41EB24792F2500AF1E56 /* PBXTargetDependency */ = {
			isa = PBXTargetDependency;
			target = 431A41D224792F2300AF1E56 /* Currensys */;
			targetProxy = 431A41EA24792F2500AF1E56 /* PBXContainerItemProxy */;
		};
		431A41F624792F2500AF1E56 /* PBXTargetDependency */ = {
			isa = PBXTargetDependency;
			target = 431A41D224792F2300AF1E56 /* Currensys */;
			targetProxy = 431A41F524792F2500AF1E56 /* PBXContainerItemProxy */;
		};
/* End PBXTargetDependency section */

/* Begin PBXVariantGroup section */
		431A41DC24792F2300AF1E56 /* Main.storyboard */ = {
			isa = PBXVariantGroup;
			children = (
				431A41DD24792F2300AF1E56 /* Base */,
			);
			name = Main.storyboard;
			sourceTree = "<group>";
		};
		431A41E124792F2500AF1E56 /* LaunchScreen.storyboard */ = {
			isa = PBXVariantGroup;
			children = (
				431A41E224792F2500AF1E56 /* Base */,
			);
			name = LaunchScreen.storyboard;
			sourceTree = "<group>";
		};
/* End PBXVariantGroup section */

/* Begin XCBuildConfiguration section */
		431A41FB24792F2600AF1E56 /* Debug */ = {
			isa = XCBuildConfiguration;
			buildSettings = {
				ALWAYS_SEARCH_USER_PATHS = NO;
				CLANG_ANALYZER_NONNULL = YES;
				CLANG_ANALYZER_NUMBER_OBJECT_CONVERSION = YES_AGGRESSIVE;
				CLANG_CXX_LANGUAGE_STANDARD = "gnu++14";
				CLANG_CXX_LIBRARY = "libc++";
				CLANG_ENABLE_MODULES = YES;
				CLANG_ENABLE_OBJC_ARC = YES;
				CLANG_ENABLE_OBJC_WEAK = YES;
				CLANG_WARN_BLOCK_CAPTURE_AUTORELEASING = YES;
				CLANG_WARN_BOOL_CONVERSION = YES;
				CLANG_WARN_COMMA = YES;
				CLANG_WARN_CONSTANT_CONVERSION = YES;
				CLANG_WARN_DEPRECATED_OBJC_IMPLEMENTATIONS = YES;
				CLANG_WARN_DIRECT_OBJC_ISA_USAGE = YES_ERROR;
				CLANG_WARN_DOCUMENTATION_COMMENTS = YES;
				CLANG_WARN_EMPTY_BODY = YES;
				CLANG_WARN_ENUM_CONVERSION = YES;
				CLANG_WARN_INFINITE_RECURSION = YES;
				CLANG_WARN_INT_CONVERSION = YES;
				CLANG_WARN_NON_LITERAL_NULL_CONVERSION = YES;
				CLANG_WARN_OBJC_IMPLICIT_RETAIN_SELF = YES;
				CLANG_WARN_OBJC_LITERAL_CONVERSION = YES;
				CLANG_WARN_OBJC_ROOT_CLASS = YES_ERROR;
				CLANG_WARN_RANGE_LOOP_ANALYSIS = YES;
				CLANG_WARN_STRICT_PROTOTYPES = YES;
				CLANG_WARN_SUSPICIOUS_MOVE = YES;
				CLANG_WARN_UNGUARDED_AVAILABILITY = YES_AGGRESSIVE;
				CLANG_WARN_UNREACHABLE_CODE = YES;
				CLANG_WARN__DUPLICATE_METHOD_MATCH = YES;
				COPY_PHASE_STRIP = NO;
				DEBUG_INFORMATION_FORMAT = dwarf;
				ENABLE_STRICT_OBJC_MSGSEND = YES;
				ENABLE_TESTABILITY = YES;
				GCC_C_LANGUAGE_STANDARD = gnu11;
				GCC_DYNAMIC_NO_PIC = NO;
				GCC_NO_COMMON_BLOCKS = YES;
				GCC_OPTIMIZATION_LEVEL = 0;
				GCC_PREPROCESSOR_DEFINITIONS = (
					"DEBUG=1",
					"$(inherited)",
				);
				GCC_WARN_64_TO_32_BIT_CONVERSION = YES;
				GCC_WARN_ABOUT_RETURN_TYPE = YES_ERROR;
				GCC_WARN_UNDECLARED_SELECTOR = YES;
				GCC_WARN_UNINITIALIZED_AUTOS = YES_AGGRESSIVE;
				GCC_WARN_UNUSED_FUNCTION = YES;
				GCC_WARN_UNUSED_VARIABLE = YES;
				IPHONEOS_DEPLOYMENT_TARGET = 13.5;
				MTL_ENABLE_DEBUG_INFO = INCLUDE_SOURCE;
				MTL_FAST_MATH = YES;
				ONLY_ACTIVE_ARCH = YES;
				SDKROOT = iphoneos;
				SWIFT_ACTIVE_COMPILATION_CONDITIONS = DEBUG;
				SWIFT_OPTIMIZATION_LEVEL = "-Onone";
			};
			name = Debug;
		};
		431A41FC24792F2600AF1E56 /* Release */ = {
			isa = XCBuildConfiguration;
			buildSettings = {
				ALWAYS_SEARCH_USER_PATHS = NO;
				CLANG_ANALYZER_NONNULL = YES;
				CLANG_ANALYZER_NUMBER_OBJECT_CONVERSION = YES_AGGRESSIVE;
				CLANG_CXX_LANGUAGE_STANDARD = "gnu++14";
				CLANG_CXX_LIBRARY = "libc++";
				CLANG_ENABLE_MODULES = YES;
				CLANG_ENABLE_OBJC_ARC = YES;
				CLANG_ENABLE_OBJC_WEAK = YES;
				CLANG_WARN_BLOCK_CAPTURE_AUTORELEASING = YES;
				CLANG_WARN_BOOL_CONVERSION = YES;
				CLANG_WARN_COMMA = YES;
				CLANG_WARN_CONSTANT_CONVERSION = YES;
				CLANG_WARN_DEPRECATED_OBJC_IMPLEMENTATIONS = YES;
				CLANG_WARN_DIRECT_OBJC_ISA_USAGE = YES_ERROR;
				CLANG_WARN_DOCUMENTATION_COMMENTS = YES;
				CLANG_WARN_EMPTY_BODY = YES;
				CLANG_WARN_ENUM_CONVERSION = YES;
				CLANG_WARN_INFINITE_RECURSION = YES;
				CLANG_WARN_INT_CONVERSION = YES;
				CLANG_WARN_NON_LITERAL_NULL_CONVERSION = YES;
				CLANG_WARN_OBJC_IMPLICIT_RETAIN_SELF = YES;
				CLANG_WARN_OBJC_LITERAL_CONVERSION = YES;
				CLANG_WARN_OBJC_ROOT_CLASS = YES_ERROR;
				CLANG_WARN_RANGE_LOOP_ANALYSIS = YES;
				CLANG_WARN_STRICT_PROTOTYPES = YES;
				CLANG_WARN_SUSPICIOUS_MOVE = YES;
				CLANG_WARN_UNGUARDED_AVAILABILITY = YES_AGGRESSIVE;
				CLANG_WARN_UNREACHABLE_CODE = YES;
				CLANG_WARN__DUPLICATE_METHOD_MATCH = YES;
				COPY_PHASE_STRIP = NO;
				DEBUG_INFORMATION_FORMAT = "dwarf-with-dsym";
				ENABLE_NS_ASSERTIONS = NO;
				ENABLE_STRICT_OBJC_MSGSEND = YES;
				GCC_C_LANGUAGE_STANDARD = gnu11;
				GCC_NO_COMMON_BLOCKS = YES;
				GCC_WARN_64_TO_32_BIT_CONVERSION = YES;
				GCC_WARN_ABOUT_RETURN_TYPE = YES_ERROR;
				GCC_WARN_UNDECLARED_SELECTOR = YES;
				GCC_WARN_UNINITIALIZED_AUTOS = YES_AGGRESSIVE;
				GCC_WARN_UNUSED_FUNCTION = YES;
				GCC_WARN_UNUSED_VARIABLE = YES;
				IPHONEOS_DEPLOYMENT_TARGET = 13.5;
				MTL_ENABLE_DEBUG_INFO = NO;
				MTL_FAST_MATH = YES;
				SDKROOT = iphoneos;
				SWIFT_COMPILATION_MODE = wholemodule;
				SWIFT_OPTIMIZATION_LEVEL = "-O";
				VALIDATE_PRODUCT = YES;
			};
			name = Release;
		};
		431A41FE24792F2600AF1E56 /* Debug */ = {
			isa = XCBuildConfiguration;
			buildSettings = {
				ASSETCATALOG_COMPILER_APPICON_NAME = AppIcon;
				CODE_SIGN_STYLE = Automatic;
				DEVELOPMENT_TEAM = 3N83XWFQJ3;
				INFOPLIST_FILE = Currensys/Info.plist;
				LD_RUNPATH_SEARCH_PATHS = (
					"$(inherited)",
					"@executable_path/Frameworks",
				);
				PRODUCT_BUNDLE_IDENTIFIER = cz.tomjelinek.Currensys;
				PRODUCT_NAME = "$(TARGET_NAME)";
				SWIFT_VERSION = 5.0;
				TARGETED_DEVICE_FAMILY = "1,2";
			};
			name = Debug;
		};
		431A41FF24792F2600AF1E56 /* Release */ = {
			isa = XCBuildConfiguration;
			buildSettings = {
				ASSETCATALOG_COMPILER_APPICON_NAME = AppIcon;
				CODE_SIGN_STYLE = Automatic;
				DEVELOPMENT_TEAM = 3N83XWFQJ3;
				INFOPLIST_FILE = Currensys/Info.plist;
				LD_RUNPATH_SEARCH_PATHS = (
					"$(inherited)",
					"@executable_path/Frameworks",
				);
				PRODUCT_BUNDLE_IDENTIFIER = cz.tomjelinek.Currensys;
				PRODUCT_NAME = "$(TARGET_NAME)";
				SWIFT_VERSION = 5.0;
				TARGETED_DEVICE_FAMILY = "1,2";
			};
			name = Release;
		};
		431A420124792F2600AF1E56 /* Debug */ = {
			isa = XCBuildConfiguration;
			buildSettings = {
				ALWAYS_EMBED_SWIFT_STANDARD_LIBRARIES = YES;
				BUNDLE_LOADER = "$(TEST_HOST)";
				CODE_SIGN_STYLE = Automatic;
				DEVELOPMENT_TEAM = 3N83XWFQJ3;
				INFOPLIST_FILE = CurrensysTests/Info.plist;
				IPHONEOS_DEPLOYMENT_TARGET = 13.5;
				LD_RUNPATH_SEARCH_PATHS = (
					"$(inherited)",
					"@executable_path/Frameworks",
					"@loader_path/Frameworks",
				);
				PRODUCT_BUNDLE_IDENTIFIER = cz.tomjelinek.CurrensysTests;
				PRODUCT_NAME = "$(TARGET_NAME)";
				SWIFT_VERSION = 5.0;
				TARGETED_DEVICE_FAMILY = "1,2";
				TEST_HOST = "$(BUILT_PRODUCTS_DIR)/Currensys.app/Currensys";
			};
			name = Debug;
		};
		431A420224792F2600AF1E56 /* Release */ = {
			isa = XCBuildConfiguration;
			buildSettings = {
				ALWAYS_EMBED_SWIFT_STANDARD_LIBRARIES = YES;
				BUNDLE_LOADER = "$(TEST_HOST)";
				CODE_SIGN_STYLE = Automatic;
				DEVELOPMENT_TEAM = 3N83XWFQJ3;
				INFOPLIST_FILE = CurrensysTests/Info.plist;
				IPHONEOS_DEPLOYMENT_TARGET = 13.5;
				LD_RUNPATH_SEARCH_PATHS = (
					"$(inherited)",
					"@executable_path/Frameworks",
					"@loader_path/Frameworks",
				);
				PRODUCT_BUNDLE_IDENTIFIER = cz.tomjelinek.CurrensysTests;
				PRODUCT_NAME = "$(TARGET_NAME)";
				SWIFT_VERSION = 5.0;
				TARGETED_DEVICE_FAMILY = "1,2";
				TEST_HOST = "$(BUILT_PRODUCTS_DIR)/Currensys.app/Currensys";
			};
			name = Release;
		};
		431A420424792F2600AF1E56 /* Debug */ = {
			isa = XCBuildConfiguration;
			buildSettings = {
				ALWAYS_EMBED_SWIFT_STANDARD_LIBRARIES = YES;
				CODE_SIGN_STYLE = Automatic;
				DEVELOPMENT_TEAM = 3N83XWFQJ3;
				INFOPLIST_FILE = CurrensysUITests/Info.plist;
				LD_RUNPATH_SEARCH_PATHS = (
					"$(inherited)",
					"@executable_path/Frameworks",
					"@loader_path/Frameworks",
				);
				PRODUCT_BUNDLE_IDENTIFIER = cz.tomjelinek.CurrensysUITests;
				PRODUCT_NAME = "$(TARGET_NAME)";
				SWIFT_VERSION = 5.0;
				TARGETED_DEVICE_FAMILY = "1,2";
				TEST_TARGET_NAME = Currensys;
			};
			name = Debug;
		};
		431A420524792F2600AF1E56 /* Release */ = {
			isa = XCBuildConfiguration;
			buildSettings = {
				ALWAYS_EMBED_SWIFT_STANDARD_LIBRARIES = YES;
				CODE_SIGN_STYLE = Automatic;
				DEVELOPMENT_TEAM = 3N83XWFQJ3;
				INFOPLIST_FILE = CurrensysUITests/Info.plist;
				LD_RUNPATH_SEARCH_PATHS = (
					"$(inherited)",
					"@executable_path/Frameworks",
					"@loader_path/Frameworks",
				);
				PRODUCT_BUNDLE_IDENTIFIER = cz.tomjelinek.CurrensysUITests;
				PRODUCT_NAME = "$(TARGET_NAME)";
				SWIFT_VERSION = 5.0;
				TARGETED_DEVICE_FAMILY = "1,2";
				TEST_TARGET_NAME = Currensys;
			};
			name = Release;
		};
/* End XCBuildConfiguration section */

/* Begin XCConfigurationList section */
		431A41CE24792F2300AF1E56 /* Build configuration list for PBXProject "Currensys" */ = {
			isa = XCConfigurationList;
			buildConfigurations = (
				431A41FB24792F2600AF1E56 /* Debug */,
				431A41FC24792F2600AF1E56 /* Release */,
			);
			defaultConfigurationIsVisible = 0;
			defaultConfigurationName = Release;
		};
		431A41FD24792F2600AF1E56 /* Build configuration list for PBXNativeTarget "Currensys" */ = {
			isa = XCConfigurationList;
			buildConfigurations = (
				431A41FE24792F2600AF1E56 /* Debug */,
				431A41FF24792F2600AF1E56 /* Release */,
			);
			defaultConfigurationIsVisible = 0;
			defaultConfigurationName = Release;
		};
		431A420024792F2600AF1E56 /* Build configuration list for PBXNativeTarget "CurrensysTests" */ = {
			isa = XCConfigurationList;
			buildConfigurations = (
				431A420124792F2600AF1E56 /* Debug */,
				431A420224792F2600AF1E56 /* Release */,
			);
			defaultConfigurationIsVisible = 0;
			defaultConfigurationName = Release;
		};
		431A420324792F2600AF1E56 /* Build configuration list for PBXNativeTarget "CurrensysUITests" */ = {
			isa = XCConfigurationList;
			buildConfigurations = (
				431A420424792F2600AF1E56 /* Debug */,
				431A420524792F2600AF1E56 /* Release */,
			);
			defaultConfigurationIsVisible = 0;
			defaultConfigurationName = Release;
		};
/* End XCConfigurationList section */
	};
	rootObject = 431A41CB24792F2300AF1E56 /* Project object */;
}
